
Microsoft Visual Studio Solution File, Format Version 12.00
# Visual Studio Version 16
VisualStudioVersion = 16.0.29519.87
MinimumVisualStudioVersion = 10.0.40219.1
Project("{FAE04EC0-301F-11D3-BF4B-00C04F79EFBC}") = "Dictionary", "Dictionary\Dictionary.csproj", "{74265147-476A-4D7B-A53D-63AB188D6622}"
EndProject
Global
	GlobalSection(SolutionConfigurationPlatforms) = preSolution
		Debug|Any CPU = Debug|Any CPU
		Release|Any CPU = Release|Any CPU
	EndGlobalSection
	GlobalSection(ProjectConfigurationPlatforms) = postSolution
		{74265147-476A-4D7B-A53D-63AB188D6622}.Debug|Any CPU.ActiveCfg = Debug|Any CPU
		{74265147-476A-4D7B-A53D-63AB188D6622}.Debug|Any CPU.Build.0 = Debug|Any CPU
		{74265147-476A-4D7B-A53D-63AB188D6622}.Release|Any CPU.ActiveCfg = Release|Any CPU
		{74265147-476A-4D7B-A53D-63AB188D6622}.Release|Any CPU.Build.0 = Release|Any CPU
	EndGlobalSection
	GlobalSection(SolutionProperties) = preSolution
		HideSolutionNode = FALSE
	EndGlobalSection
	GlobalSection(ExtensibilityGlobals) = postSolution
		SolutionGuid = {EA0E5967-AC00-4CE6-A6BC-11BE23D5B621}
	EndGlobalSection
EndGlobal
